<?xml version="1.0" encoding="UTF-8"?>
<CodeBlocks_project_file>
	<FileVersion major="1" minor="6"/>
	<Project>
		<Option title="PokemonBattle"/>
		<Option makefile_is_custom="1"/>
		<Option compiler="gcc"/>
		<Option virtualFolders="CMake Files\;"/>
		<Build>
			<Target title="all">
				<Option working_dir="C:/Users/Miles Youngblood/OneDrive/Documents/GitHub/PokemonBattle/cmake"/>
				<Option type="4"/>
				<MakeCommands>
					<Build command="C:/PROGRA~1/JETBRA~1/CLION2~1.2/bin/mingw/bin/mingw32-make.exe -f &quot;C:/Users/Miles Youngblood/OneDrive/Documents/GitHub/PokemonBattle/cmake/Makefile&quot;  VERBOSE=1 all"/>
					<CompileFile command="C:/PROGRA~1/JETBRA~1/CLION2~1.2/bin/mingw/bin/mingw32-make.exe -f &quot;C:/Users/Miles Youngblood/OneDrive/Documents/GitHub/PokemonBattle/cmake/Makefile&quot;  VERBOSE=1 &quot;$file&quot;"/>
					<Clean command="C:/PROGRA~1/JETBRA~1/CLION2~1.2/bin/mingw/bin/mingw32-make.exe -f &quot;C:/Users/Miles Youngblood/OneDrive/Documents/GitHub/PokemonBattle/cmake/Makefile&quot;  VERBOSE=1 clean"/>
					<DistClean command="C:/PROGRA~1/JETBRA~1/CLION2~1.2/bin/mingw/bin/mingw32-make.exe -f &quot;C:/Users/Miles Youngblood/OneDrive/Documents/GitHub/PokemonBattle/cmake/Makefile&quot;  VERBOSE=1 clean"/>
				</MakeCommands>
			</Target>
			<Target title="PokemonBattle">
				<Option output="C:/Users/Miles Youngblood/OneDrive/Documents/GitHub/PokemonBattle/cmake/PokemonBattle.exe" prefix_auto="0" extension_auto="0"/>
				<Option working_dir="C:/Users/Miles Youngblood/OneDrive/Documents/GitHub/PokemonBattle/cmake"/>
				<Option object_output="./"/>
				<Option type="1"/>
				<Option compiler="gcc"/>
				<Compiler>
					<Add directory="C:/Users/Miles Youngblood/OneDrive/Documents/GitHub/PokemonBattle/include/third_party/SDL2/SDL"/>
					<Add directory="C:/Users/Miles Youngblood/OneDrive/Documents/GitHub/PokemonBattle/include/third_party/SDL2/SDL_image"/>
					<Add directory="C:/Users/Miles Youngblood/OneDrive/Documents/GitHub/PokemonBattle/include/third_party/SDL2/SDL_mixer"/>
					<Add directory="C:/Users/Miles Youngblood/OneDrive/Documents/GitHub/PokemonBattle/include/third_party/SDL2/SDL_ttf"/>
					<Add directory="C:/Program Files/JetBrains/CLion 2021.3.2/bin/mingw/bin/../lib/gcc/x86_64-w64-mingw32/13.1.0/include/c++"/>
					<Add directory="C:/Program Files/JetBrains/CLion 2021.3.2/bin/mingw/bin/../lib/gcc/x86_64-w64-mingw32/13.1.0/include/c++/x86_64-w64-mingw32"/>
					<Add directory="C:/Program Files/JetBrains/CLion 2021.3.2/bin/mingw/bin/../lib/gcc/x86_64-w64-mingw32/13.1.0/include/c++/backward"/>
					<Add directory="C:/Program Files/JetBrains/CLion 2021.3.2/bin/mingw/bin/../lib/gcc/x86_64-w64-mingw32/13.1.0/include"/>
					<Add directory="C:/Program Files/JetBrains/CLion 2021.3.2/bin/mingw/bin/../lib/gcc/x86_64-w64-mingw32/13.1.0/../../../../include"/>
					<Add directory="C:/Program Files/JetBrains/CLion 2021.3.2/bin/mingw/bin/../lib/gcc/x86_64-w64-mingw32/13.1.0/include-fixed"/>
					<Add directory="C:/Program Files/JetBrains/CLion 2021.3.2/bin/mingw/bin/../lib/gcc/x86_64-w64-mingw32/13.1.0/../../../../x86_64-w64-mingw32/include"/>
				</Compiler>
				<MakeCommands>
					<Build command="C:/PROGRA~1/JETBRA~1/CLION2~1.2/bin/mingw/bin/mingw32-make.exe -f &quot;C:/Users/Miles Youngblood/OneDrive/Documents/GitHub/PokemonBattle/cmake/Makefile&quot;  VERBOSE=1 PokemonBattle"/>
					<CompileFile command="C:/PROGRA~1/JETBRA~1/CLION2~1.2/bin/mingw/bin/mingw32-make.exe -f &quot;C:/Users/Miles Youngblood/OneDrive/Documents/GitHub/PokemonBattle/cmake/Makefile&quot;  VERBOSE=1 &quot;$file&quot;"/>
					<Clean command="C:/PROGRA~1/JETBRA~1/CLION2~1.2/bin/mingw/bin/mingw32-make.exe -f &quot;C:/Users/Miles Youngblood/OneDrive/Documents/GitHub/PokemonBattle/cmake/Makefile&quot;  VERBOSE=1 clean"/>
					<DistClean command="C:/PROGRA~1/JETBRA~1/CLION2~1.2/bin/mingw/bin/mingw32-make.exe -f &quot;C:/Users/Miles Youngblood/OneDrive/Documents/GitHub/PokemonBattle/cmake/Makefile&quot;  VERBOSE=1 clean"/>
				</MakeCommands>
			</Target>
			<Target title="PokemonBattle/fast">
				<Option output="C:/Users/Miles Youngblood/OneDrive/Documents/GitHub/PokemonBattle/cmake/PokemonBattle.exe" prefix_auto="0" extension_auto="0"/>
				<Option working_dir="C:/Users/Miles Youngblood/OneDrive/Documents/GitHub/PokemonBattle/cmake"/>
				<Option object_output="./"/>
				<Option type="1"/>
				<Option compiler="gcc"/>
				<Compiler>
					<Add directory="C:/Users/Miles Youngblood/OneDrive/Documents/GitHub/PokemonBattle/include/third_party/SDL2/SDL"/>
					<Add directory="C:/Users/Miles Youngblood/OneDrive/Documents/GitHub/PokemonBattle/include/third_party/SDL2/SDL_image"/>
					<Add directory="C:/Users/Miles Youngblood/OneDrive/Documents/GitHub/PokemonBattle/include/third_party/SDL2/SDL_mixer"/>
					<Add directory="C:/Users/Miles Youngblood/OneDrive/Documents/GitHub/PokemonBattle/include/third_party/SDL2/SDL_ttf"/>
					<Add directory="C:/Program Files/JetBrains/CLion 2021.3.2/bin/mingw/bin/../lib/gcc/x86_64-w64-mingw32/13.1.0/include/c++"/>
					<Add directory="C:/Program Files/JetBrains/CLion 2021.3.2/bin/mingw/bin/../lib/gcc/x86_64-w64-mingw32/13.1.0/include/c++/x86_64-w64-mingw32"/>
					<Add directory="C:/Program Files/JetBrains/CLion 2021.3.2/bin/mingw/bin/../lib/gcc/x86_64-w64-mingw32/13.1.0/include/c++/backward"/>
					<Add directory="C:/Program Files/JetBrains/CLion 2021.3.2/bin/mingw/bin/../lib/gcc/x86_64-w64-mingw32/13.1.0/include"/>
					<Add directory="C:/Program Files/JetBrains/CLion 2021.3.2/bin/mingw/bin/../lib/gcc/x86_64-w64-mingw32/13.1.0/../../../../include"/>
					<Add directory="C:/Program Files/JetBrains/CLion 2021.3.2/bin/mingw/bin/../lib/gcc/x86_64-w64-mingw32/13.1.0/include-fixed"/>
					<Add directory="C:/Program Files/JetBrains/CLion 2021.3.2/bin/mingw/bin/../lib/gcc/x86_64-w64-mingw32/13.1.0/../../../../x86_64-w64-mingw32/include"/>
				</Compiler>
				<MakeCommands>
					<Build command="C:/PROGRA~1/JETBRA~1/CLION2~1.2/bin/mingw/bin/mingw32-make.exe -f &quot;C:/Users/Miles Youngblood/OneDrive/Documents/GitHub/PokemonBattle/cmake/Makefile&quot;  VERBOSE=1 PokemonBattle/fast"/>
					<CompileFile command="C:/PROGRA~1/JETBRA~1/CLION2~1.2/bin/mingw/bin/mingw32-make.exe -f &quot;C:/Users/Miles Youngblood/OneDrive/Documents/GitHub/PokemonBattle/cmake/Makefile&quot;  VERBOSE=1 &quot;$file&quot;"/>
					<Clean command="C:/PROGRA~1/JETBRA~1/CLION2~1.2/bin/mingw/bin/mingw32-make.exe -f &quot;C:/Users/Miles Youngblood/OneDrive/Documents/GitHub/PokemonBattle/cmake/Makefile&quot;  VERBOSE=1 clean"/>
					<DistClean command="C:/PROGRA~1/JETBRA~1/CLION2~1.2/bin/mingw/bin/mingw32-make.exe -f &quot;C:/Users/Miles Youngblood/OneDrive/Documents/GitHub/PokemonBattle/cmake/Makefile&quot;  VERBOSE=1 clean"/>
				</MakeCommands>
			</Target>
			<Target title="edit_cache">
				<Option working_dir="C:/Users/Miles Youngblood/OneDrive/Documents/GitHub/PokemonBattle/cmake"/>
				<Option type="4"/>
				<MakeCommands>
					<Build command="C:/PROGRA~1/JETBRA~1/CLION2~1.2/bin/mingw/bin/mingw32-make.exe -f &quot;C:/Users/Miles Youngblood/OneDrive/Documents/GitHub/PokemonBattle/cmake/Makefile&quot;  VERBOSE=1 edit_cache"/>
					<CompileFile command="C:/PROGRA~1/JETBRA~1/CLION2~1.2/bin/mingw/bin/mingw32-make.exe -f &quot;C:/Users/Miles Youngblood/OneDrive/Documents/GitHub/PokemonBattle/cmake/Makefile&quot;  VERBOSE=1 &quot;$file&quot;"/>
					<Clean command="C:/PROGRA~1/JETBRA~1/CLION2~1.2/bin/mingw/bin/mingw32-make.exe -f &quot;C:/Users/Miles Youngblood/OneDrive/Documents/GitHub/PokemonBattle/cmake/Makefile&quot;  VERBOSE=1 clean"/>
					<DistClean command="C:/PROGRA~1/JETBRA~1/CLION2~1.2/bin/mingw/bin/mingw32-make.exe -f &quot;C:/Users/Miles Youngblood/OneDrive/Documents/GitHub/PokemonBattle/cmake/Makefile&quot;  VERBOSE=1 clean"/>
				</MakeCommands>
			</Target>
			<Target title="rebuild_cache">
				<Option working_dir="C:/Users/Miles Youngblood/OneDrive/Documents/GitHub/PokemonBattle/cmake"/>
				<Option type="4"/>
				<MakeCommands>
					<Build command="C:/PROGRA~1/JETBRA~1/CLION2~1.2/bin/mingw/bin/mingw32-make.exe -f &quot;C:/Users/Miles Youngblood/OneDrive/Documents/GitHub/PokemonBattle/cmake/Makefile&quot;  VERBOSE=1 rebuild_cache"/>
					<CompileFile command="C:/PROGRA~1/JETBRA~1/CLION2~1.2/bin/mingw/bin/mingw32-make.exe -f &quot;C:/Users/Miles Youngblood/OneDrive/Documents/GitHub/PokemonBattle/cmake/Makefile&quot;  VERBOSE=1 &quot;$file&quot;"/>
					<Clean command="C:/PROGRA~1/JETBRA~1/CLION2~1.2/bin/mingw/bin/mingw32-make.exe -f &quot;C:/Users/Miles Youngblood/OneDrive/Documents/GitHub/PokemonBattle/cmake/Makefile&quot;  VERBOSE=1 clean"/>
					<DistClean command="C:/PROGRA~1/JETBRA~1/CLION2~1.2/bin/mingw/bin/mingw32-make.exe -f &quot;C:/Users/Miles Youngblood/OneDrive/Documents/GitHub/PokemonBattle/cmake/Makefile&quot;  VERBOSE=1 clean"/>
				</MakeCommands>
			</Target>
		</Build>
		<Unit filename="C:/Users/Miles Youngblood/OneDrive/Documents/GitHub/PokemonBattle/cmake/CMakeFiles/PokemonBattle.dir/cmake_pch.hxx">
			<Option target="PokemonBattle"/>
		</Unit>
		<Unit filename="C:/Users/Miles Youngblood/OneDrive/Documents/GitHub/PokemonBattle/cmake/CMakeFiles/PokemonBattle.dir/cmake_pch.hxx.cxx">
			<Option target="PokemonBattle"/>
		</Unit>
		<Unit filename="C:/Users/Miles Youngblood/OneDrive/Documents/GitHub/PokemonBattle/src/Classes/Ability/Ability.cpp">
			<Option target="PokemonBattle"/>
		</Unit>
		<Unit filename="C:/Users/Miles Youngblood/OneDrive/Documents/GitHub/PokemonBattle/src/Classes/Ability/Ability.h">
			<Option target="PokemonBattle"/>
		</Unit>
		<Unit filename="C:/Users/Miles Youngblood/OneDrive/Documents/GitHub/PokemonBattle/src/Classes/Ability/DerivedClasses/Blaze/Blaze.cpp">
			<Option target="PokemonBattle"/>
		</Unit>
		<Unit filename="C:/Users/Miles Youngblood/OneDrive/Documents/GitHub/PokemonBattle/src/Classes/Ability/DerivedClasses/Blaze/Blaze.h">
			<Option target="PokemonBattle"/>
		</Unit>
		<Unit filename="C:/Users/Miles Youngblood/OneDrive/Documents/GitHub/PokemonBattle/src/Classes/Ability/DerivedClasses/Intimidate/Intimidate.cpp">
			<Option target="PokemonBattle"/>
		</Unit>
		<Unit filename="C:/Users/Miles Youngblood/OneDrive/Documents/GitHub/PokemonBattle/src/Classes/Ability/DerivedClasses/Intimidate/Intimidate.h">
			<Option target="PokemonBattle"/>
		</Unit>
		<Unit filename="C:/Users/Miles Youngblood/OneDrive/Documents/GitHub/PokemonBattle/src/Classes/Animation/Animation.cpp">
			<Option target="PokemonBattle"/>
		</Unit>
		<Unit filename="C:/Users/Miles Youngblood/OneDrive/Documents/GitHub/PokemonBattle/src/Classes/Animation/Animation.h">
			<Option target="PokemonBattle"/>
		</Unit>
		<Unit filename="C:/Users/Miles Youngblood/OneDrive/Documents/GitHub/PokemonBattle/src/Classes/AutoThread/AutoThread.h">
			<Option target="PokemonBattle"/>
		</Unit>
		<Unit filename="C:/Users/Miles Youngblood/OneDrive/Documents/GitHub/PokemonBattle/src/Classes/Entity/DerivedClasses/Pokemon/DerivedClasses/Dewott/Dewott.cpp">
			<Option target="PokemonBattle"/>
		</Unit>
		<Unit filename="C:/Users/Miles Youngblood/OneDrive/Documents/GitHub/PokemonBattle/src/Classes/Entity/DerivedClasses/Pokemon/DerivedClasses/Dewott/Dewott.h">
			<Option target="PokemonBattle"/>
		</Unit>
		<Unit filename="C:/Users/Miles Youngblood/OneDrive/Documents/GitHub/PokemonBattle/src/Classes/Entity/DerivedClasses/Pokemon/DerivedClasses/Emboar/Emboar.cpp">
			<Option target="PokemonBattle"/>
		</Unit>
		<Unit filename="C:/Users/Miles Youngblood/OneDrive/Documents/GitHub/PokemonBattle/src/Classes/Entity/DerivedClasses/Pokemon/DerivedClasses/Emboar/Emboar.h">
			<Option target="PokemonBattle"/>
		</Unit>
		<Unit filename="C:/Users/Miles Youngblood/OneDrive/Documents/GitHub/PokemonBattle/src/Classes/Entity/DerivedClasses/Pokemon/DerivedClasses/Herdier/Herdier.cpp">
			<Option target="PokemonBattle"/>
		</Unit>
		<Unit filename="C:/Users/Miles Youngblood/OneDrive/Documents/GitHub/PokemonBattle/src/Classes/Entity/DerivedClasses/Pokemon/DerivedClasses/Herdier/Herdier.h">
			<Option target="PokemonBattle"/>
		</Unit>
		<Unit filename="C:/Users/Miles Youngblood/OneDrive/Documents/GitHub/PokemonBattle/src/Classes/Entity/DerivedClasses/Pokemon/DerivedClasses/Liepard/Liepard.cpp">
			<Option target="PokemonBattle"/>
		</Unit>
		<Unit filename="C:/Users/Miles Youngblood/OneDrive/Documents/GitHub/PokemonBattle/src/Classes/Entity/DerivedClasses/Pokemon/DerivedClasses/Liepard/Liepard.h">
			<Option target="PokemonBattle"/>
		</Unit>
		<Unit filename="C:/Users/Miles Youngblood/OneDrive/Documents/GitHub/PokemonBattle/src/Classes/Entity/DerivedClasses/Pokemon/DerivedClasses/Lillipup/Lillipup.cpp">
			<Option target="PokemonBattle"/>
		</Unit>
		<Unit filename="C:/Users/Miles Youngblood/OneDrive/Documents/GitHub/PokemonBattle/src/Classes/Entity/DerivedClasses/Pokemon/DerivedClasses/Lillipup/Lillipup.h">
			<Option target="PokemonBattle"/>
		</Unit>
		<Unit filename="C:/Users/Miles Youngblood/OneDrive/Documents/GitHub/PokemonBattle/src/Classes/Entity/DerivedClasses/Pokemon/DerivedClasses/Oshawott/Oshawott.cpp">
			<Option target="PokemonBattle"/>
		</Unit>
		<Unit filename="C:/Users/Miles Youngblood/OneDrive/Documents/GitHub/PokemonBattle/src/Classes/Entity/DerivedClasses/Pokemon/DerivedClasses/Oshawott/Oshawott.h">
			<Option target="PokemonBattle"/>
		</Unit>
		<Unit filename="C:/Users/Miles Youngblood/OneDrive/Documents/GitHub/PokemonBattle/src/Classes/Entity/DerivedClasses/Pokemon/DerivedClasses/Patrat/Patrat.cpp">
			<Option target="PokemonBattle"/>
		</Unit>
		<Unit filename="C:/Users/Miles Youngblood/OneDrive/Documents/GitHub/PokemonBattle/src/Classes/Entity/DerivedClasses/Pokemon/DerivedClasses/Patrat/Patrat.h">
			<Option target="PokemonBattle"/>
		</Unit>
		<Unit filename="C:/Users/Miles Youngblood/OneDrive/Documents/GitHub/PokemonBattle/src/Classes/Entity/DerivedClasses/Pokemon/DerivedClasses/Pignite/Pignite.cpp">
			<Option target="PokemonBattle"/>
		</Unit>
		<Unit filename="C:/Users/Miles Youngblood/OneDrive/Documents/GitHub/PokemonBattle/src/Classes/Entity/DerivedClasses/Pokemon/DerivedClasses/Pignite/Pignite.h">
			<Option target="PokemonBattle"/>
		</Unit>
		<Unit filename="C:/Users/Miles Youngblood/OneDrive/Documents/GitHub/PokemonBattle/src/Classes/Entity/DerivedClasses/Pokemon/DerivedClasses/Purrloin/Purrloin.cpp">
			<Option target="PokemonBattle"/>
		</Unit>
		<Unit filename="C:/Users/Miles Youngblood/OneDrive/Documents/GitHub/PokemonBattle/src/Classes/Entity/DerivedClasses/Pokemon/DerivedClasses/Purrloin/Purrloin.h">
			<Option target="PokemonBattle"/>
		</Unit>
		<Unit filename="C:/Users/Miles Youngblood/OneDrive/Documents/GitHub/PokemonBattle/src/Classes/Entity/DerivedClasses/Pokemon/DerivedClasses/Samurott/Samurott.cpp">
			<Option target="PokemonBattle"/>
		</Unit>
		<Unit filename="C:/Users/Miles Youngblood/OneDrive/Documents/GitHub/PokemonBattle/src/Classes/Entity/DerivedClasses/Pokemon/DerivedClasses/Samurott/Samurott.h">
			<Option target="PokemonBattle"/>
		</Unit>
		<Unit filename="C:/Users/Miles Youngblood/OneDrive/Documents/GitHub/PokemonBattle/src/Classes/Entity/DerivedClasses/Pokemon/DerivedClasses/Serperior/Serperior.cpp">
			<Option target="PokemonBattle"/>
		</Unit>
		<Unit filename="C:/Users/Miles Youngblood/OneDrive/Documents/GitHub/PokemonBattle/src/Classes/Entity/DerivedClasses/Pokemon/DerivedClasses/Serperior/Serperior.h">
			<Option target="PokemonBattle"/>
		</Unit>
		<Unit filename="C:/Users/Miles Youngblood/OneDrive/Documents/GitHub/PokemonBattle/src/Classes/Entity/DerivedClasses/Pokemon/DerivedClasses/Servine/Servine.cpp">
			<Option target="PokemonBattle"/>
		</Unit>
		<Unit filename="C:/Users/Miles Youngblood/OneDrive/Documents/GitHub/PokemonBattle/src/Classes/Entity/DerivedClasses/Pokemon/DerivedClasses/Servine/Servine.h">
			<Option target="PokemonBattle"/>
		</Unit>
		<Unit filename="C:/Users/Miles Youngblood/OneDrive/Documents/GitHub/PokemonBattle/src/Classes/Entity/DerivedClasses/Pokemon/DerivedClasses/Snivy/Snivy.cpp">
			<Option target="PokemonBattle"/>
		</Unit>
		<Unit filename="C:/Users/Miles Youngblood/OneDrive/Documents/GitHub/PokemonBattle/src/Classes/Entity/DerivedClasses/Pokemon/DerivedClasses/Snivy/Snivy.h">
			<Option target="PokemonBattle"/>
		</Unit>
		<Unit filename="C:/Users/Miles Youngblood/OneDrive/Documents/GitHub/PokemonBattle/src/Classes/Entity/DerivedClasses/Pokemon/DerivedClasses/Stoutland/Stoutland.cpp">
			<Option target="PokemonBattle"/>
		</Unit>
		<Unit filename="C:/Users/Miles Youngblood/OneDrive/Documents/GitHub/PokemonBattle/src/Classes/Entity/DerivedClasses/Pokemon/DerivedClasses/Stoutland/Stoutland.h">
			<Option target="PokemonBattle"/>
		</Unit>
		<Unit filename="C:/Users/Miles Youngblood/OneDrive/Documents/GitHub/PokemonBattle/src/Classes/Entity/DerivedClasses/Pokemon/DerivedClasses/Tepig/Tepig.cpp">
			<Option target="PokemonBattle"/>
		</Unit>
		<Unit filename="C:/Users/Miles Youngblood/OneDrive/Documents/GitHub/PokemonBattle/src/Classes/Entity/DerivedClasses/Pokemon/DerivedClasses/Tepig/Tepig.h">
			<Option target="PokemonBattle"/>
		</Unit>
		<Unit filename="C:/Users/Miles Youngblood/OneDrive/Documents/GitHub/PokemonBattle/src/Classes/Entity/DerivedClasses/Pokemon/DerivedClasses/Victini/Victini.cpp">
			<Option target="PokemonBattle"/>
		</Unit>
		<Unit filename="C:/Users/Miles Youngblood/OneDrive/Documents/GitHub/PokemonBattle/src/Classes/Entity/DerivedClasses/Pokemon/DerivedClasses/Victini/Victini.h">
			<Option target="PokemonBattle"/>
		</Unit>
		<Unit filename="C:/Users/Miles Youngblood/OneDrive/Documents/GitHub/PokemonBattle/src/Classes/Entity/DerivedClasses/Pokemon/DerivedClasses/Watchog/Watchog.cpp">
			<Option target="PokemonBattle"/>
		</Unit>
		<Unit filename="C:/Users/Miles Youngblood/OneDrive/Documents/GitHub/PokemonBattle/src/Classes/Entity/DerivedClasses/Pokemon/DerivedClasses/Watchog/Watchog.h">
			<Option target="PokemonBattle"/>
		</Unit>
		<Unit filename="C:/Users/Miles Youngblood/OneDrive/Documents/GitHub/PokemonBattle/src/Classes/Entity/DerivedClasses/Pokemon/Pokemon.cpp">
			<Option target="PokemonBattle"/>
		</Unit>
		<Unit filename="C:/Users/Miles Youngblood/OneDrive/Documents/GitHub/PokemonBattle/src/Classes/Entity/DerivedClasses/Pokemon/Pokemon.h">
			<Option target="PokemonBattle"/>
		</Unit>
		<Unit filename="C:/Users/Miles Youngblood/OneDrive/Documents/GitHub/PokemonBattle/src/Classes/Entity/DerivedClasses/Trainer/DerivedClasses/Player/Player.cpp">
			<Option target="PokemonBattle"/>
		</Unit>
		<Unit filename="C:/Users/Miles Youngblood/OneDrive/Documents/GitHub/PokemonBattle/src/Classes/Entity/DerivedClasses/Trainer/DerivedClasses/Player/Player.h">
			<Option target="PokemonBattle"/>
		</Unit>
		<Unit filename="C:/Users/Miles Youngblood/OneDrive/Documents/GitHub/PokemonBattle/src/Classes/Entity/DerivedClasses/Trainer/Trainer.cpp">
			<Option target="PokemonBattle"/>
		</Unit>
		<Unit filename="C:/Users/Miles Youngblood/OneDrive/Documents/GitHub/PokemonBattle/src/Classes/Entity/DerivedClasses/Trainer/Trainer.h">
			<Option target="PokemonBattle"/>
		</Unit>
		<Unit filename="C:/Users/Miles Youngblood/OneDrive/Documents/GitHub/PokemonBattle/src/Classes/Entity/Entity.cpp">
			<Option target="PokemonBattle"/>
		</Unit>
		<Unit filename="C:/Users/Miles Youngblood/OneDrive/Documents/GitHub/PokemonBattle/src/Classes/Entity/Entity.h">
			<Option target="PokemonBattle"/>
		</Unit>
		<Unit filename="C:/Users/Miles Youngblood/OneDrive/Documents/GitHub/PokemonBattle/src/Classes/GameComponent/DerivedClasses/Components.h">
			<Option target="PokemonBattle"/>
		</Unit>
		<Unit filename="C:/Users/Miles Youngblood/OneDrive/Documents/GitHub/PokemonBattle/src/Classes/GameComponent/DerivedClasses/Position/PositionComponent.cpp">
			<Option target="PokemonBattle"/>
		</Unit>
		<Unit filename="C:/Users/Miles Youngblood/OneDrive/Documents/GitHub/PokemonBattle/src/Classes/GameComponent/DerivedClasses/Position/PositionComponent.h">
			<Option target="PokemonBattle"/>
		</Unit>
		<Unit filename="C:/Users/Miles Youngblood/OneDrive/Documents/GitHub/PokemonBattle/src/Classes/GameComponent/DerivedClasses/Resource/ResourceComponent.cpp">
			<Option target="PokemonBattle"/>
		</Unit>
		<Unit filename="C:/Users/Miles Youngblood/OneDrive/Documents/GitHub/PokemonBattle/src/Classes/GameComponent/DerivedClasses/Resource/ResourceComponent.h">
			<Option target="PokemonBattle"/>
		</Unit>
		<Unit filename="C:/Users/Miles Youngblood/OneDrive/Documents/GitHub/PokemonBattle/src/Classes/GameComponent/DerivedClasses/Sprite/SpriteComponent.cpp">
			<Option target="PokemonBattle"/>
		</Unit>
		<Unit filename="C:/Users/Miles Youngblood/OneDrive/Documents/GitHub/PokemonBattle/src/Classes/GameComponent/DerivedClasses/Sprite/SpriteComponent.h">
			<Option target="PokemonBattle"/>
		</Unit>
		<Unit filename="C:/Users/Miles Youngblood/OneDrive/Documents/GitHub/PokemonBattle/src/Classes/GameComponent/GameComponent.h">
			<Option target="PokemonBattle"/>
		</Unit>
		<Unit filename="C:/Users/Miles Youngblood/OneDrive/Documents/GitHub/PokemonBattle/src/Classes/GameObject/GameObject.cpp">
			<Option target="PokemonBattle"/>
		</Unit>
		<Unit filename="C:/Users/Miles Youngblood/OneDrive/Documents/GitHub/PokemonBattle/src/Classes/GameObject/GameObject.h">
			<Option target="PokemonBattle"/>
		</Unit>
		<Unit filename="C:/Users/Miles Youngblood/OneDrive/Documents/GitHub/PokemonBattle/src/Classes/Graphic/DerivedClasses/Button/Button.cpp">
			<Option target="PokemonBattle"/>
		</Unit>
		<Unit filename="C:/Users/Miles Youngblood/OneDrive/Documents/GitHub/PokemonBattle/src/Classes/Graphic/DerivedClasses/Button/Button.h">
			<Option target="PokemonBattle"/>
		</Unit>
		<Unit filename="C:/Users/Miles Youngblood/OneDrive/Documents/GitHub/PokemonBattle/src/Classes/Graphic/DerivedClasses/Graphics.h">
			<Option target="PokemonBattle"/>
		</Unit>
		<Unit filename="C:/Users/Miles Youngblood/OneDrive/Documents/GitHub/PokemonBattle/src/Classes/Graphic/DerivedClasses/TextBox/TextBox.cpp">
			<Option target="PokemonBattle"/>
		</Unit>
		<Unit filename="C:/Users/Miles Youngblood/OneDrive/Documents/GitHub/PokemonBattle/src/Classes/Graphic/DerivedClasses/TextBox/TextBox.h">
			<Option target="PokemonBattle"/>
		</Unit>
		<Unit filename="C:/Users/Miles Youngblood/OneDrive/Documents/GitHub/PokemonBattle/src/Classes/Graphic/Graphic.cpp">
			<Option target="PokemonBattle"/>
		</Unit>
		<Unit filename="C:/Users/Miles Youngblood/OneDrive/Documents/GitHub/PokemonBattle/src/Classes/Graphic/Graphic.h">
			<Option target="PokemonBattle"/>
		</Unit>
		<Unit filename="C:/Users/Miles Youngblood/OneDrive/Documents/GitHub/PokemonBattle/src/Classes/Item/DerivedClasses/BattleItem/BattleItem.cpp">
			<Option target="PokemonBattle"/>
		</Unit>
		<Unit filename="C:/Users/Miles Youngblood/OneDrive/Documents/GitHub/PokemonBattle/src/Classes/Item/DerivedClasses/BattleItem/BattleItem.h">
			<Option target="PokemonBattle"/>
		</Unit>
		<Unit filename="C:/Users/Miles Youngblood/OneDrive/Documents/GitHub/PokemonBattle/src/Classes/Item/DerivedClasses/BattleItem/DerivedClasses/XAccuracy/XAccuracy.cpp">
			<Option target="PokemonBattle"/>
		</Unit>
		<Unit filename="C:/Users/Miles Youngblood/OneDrive/Documents/GitHub/PokemonBattle/src/Classes/Item/DerivedClasses/BattleItem/DerivedClasses/XAccuracy/XAccuracy.h">
			<Option target="PokemonBattle"/>
		</Unit>
		<Unit filename="C:/Users/Miles Youngblood/OneDrive/Documents/GitHub/PokemonBattle/src/Classes/Item/DerivedClasses/BattleItem/DerivedClasses/XAttack/XAttack.cpp">
			<Option target="PokemonBattle"/>
		</Unit>
		<Unit filename="C:/Users/Miles Youngblood/OneDrive/Documents/GitHub/PokemonBattle/src/Classes/Item/DerivedClasses/BattleItem/DerivedClasses/XAttack/XAttack.h">
			<Option target="PokemonBattle"/>
		</Unit>
		<Unit filename="C:/Users/Miles Youngblood/OneDrive/Documents/GitHub/PokemonBattle/src/Classes/Item/DerivedClasses/BattleItem/DerivedClasses/XDefense/XDefense.cpp">
			<Option target="PokemonBattle"/>
		</Unit>
		<Unit filename="C:/Users/Miles Youngblood/OneDrive/Documents/GitHub/PokemonBattle/src/Classes/Item/DerivedClasses/BattleItem/DerivedClasses/XDefense/XDefense.h">
			<Option target="PokemonBattle"/>
		</Unit>
		<Unit filename="C:/Users/Miles Youngblood/OneDrive/Documents/GitHub/PokemonBattle/src/Classes/Item/DerivedClasses/BattleItem/DerivedClasses/XSpAttack/XSpAttack.cpp">
			<Option target="PokemonBattle"/>
		</Unit>
		<Unit filename="C:/Users/Miles Youngblood/OneDrive/Documents/GitHub/PokemonBattle/src/Classes/Item/DerivedClasses/BattleItem/DerivedClasses/XSpAttack/XSpAttack.h">
			<Option target="PokemonBattle"/>
		</Unit>
		<Unit filename="C:/Users/Miles Youngblood/OneDrive/Documents/GitHub/PokemonBattle/src/Classes/Item/DerivedClasses/BattleItem/DerivedClasses/XSpDefense/XSpDefense.cpp">
			<Option target="PokemonBattle"/>
		</Unit>
		<Unit filename="C:/Users/Miles Youngblood/OneDrive/Documents/GitHub/PokemonBattle/src/Classes/Item/DerivedClasses/BattleItem/DerivedClasses/XSpDefense/XSpDefense.h">
			<Option target="PokemonBattle"/>
		</Unit>
		<Unit filename="C:/Users/Miles Youngblood/OneDrive/Documents/GitHub/PokemonBattle/src/Classes/Item/DerivedClasses/BattleItem/DerivedClasses/XSpeed/XSpeed.cpp">
			<Option target="PokemonBattle"/>
		</Unit>
		<Unit filename="C:/Users/Miles Youngblood/OneDrive/Documents/GitHub/PokemonBattle/src/Classes/Item/DerivedClasses/BattleItem/DerivedClasses/XSpeed/XSpeed.h">
			<Option target="PokemonBattle"/>
		</Unit>
		<Unit filename="C:/Users/Miles Youngblood/OneDrive/Documents/GitHub/PokemonBattle/src/Classes/Item/DerivedClasses/Pokeball/DerivedClasses/DuskBall/DuskBall.cpp">
			<Option target="PokemonBattle"/>
		</Unit>
		<Unit filename="C:/Users/Miles Youngblood/OneDrive/Documents/GitHub/PokemonBattle/src/Classes/Item/DerivedClasses/Pokeball/DerivedClasses/DuskBall/DuskBall.h">
			<Option target="PokemonBattle"/>
		</Unit>
		<Unit filename="C:/Users/Miles Youngblood/OneDrive/Documents/GitHub/PokemonBattle/src/Classes/Item/DerivedClasses/Pokeball/DerivedClasses/GreatBall/GreatBall.cpp">
			<Option target="PokemonBattle"/>
		</Unit>
		<Unit filename="C:/Users/Miles Youngblood/OneDrive/Documents/GitHub/PokemonBattle/src/Classes/Item/DerivedClasses/Pokeball/DerivedClasses/GreatBall/GreatBall.h">
			<Option target="PokemonBattle"/>
		</Unit>
		<Unit filename="C:/Users/Miles Youngblood/OneDrive/Documents/GitHub/PokemonBattle/src/Classes/Item/DerivedClasses/Pokeball/DerivedClasses/HealBall/HealBall.cpp">
			<Option target="PokemonBattle"/>
		</Unit>
		<Unit filename="C:/Users/Miles Youngblood/OneDrive/Documents/GitHub/PokemonBattle/src/Classes/Item/DerivedClasses/Pokeball/DerivedClasses/HealBall/HealBall.h">
			<Option target="PokemonBattle"/>
		</Unit>
		<Unit filename="C:/Users/Miles Youngblood/OneDrive/Documents/GitHub/PokemonBattle/src/Classes/Item/DerivedClasses/Pokeball/DerivedClasses/MasterBall/MasterBall.cpp">
			<Option target="PokemonBattle"/>
		</Unit>
		<Unit filename="C:/Users/Miles Youngblood/OneDrive/Documents/GitHub/PokemonBattle/src/Classes/Item/DerivedClasses/Pokeball/DerivedClasses/MasterBall/MasterBall.h">
			<Option target="PokemonBattle"/>
		</Unit>
		<Unit filename="C:/Users/Miles Youngblood/OneDrive/Documents/GitHub/PokemonBattle/src/Classes/Item/DerivedClasses/Pokeball/DerivedClasses/NestBall/NestBall.cpp">
			<Option target="PokemonBattle"/>
		</Unit>
		<Unit filename="C:/Users/Miles Youngblood/OneDrive/Documents/GitHub/PokemonBattle/src/Classes/Item/DerivedClasses/Pokeball/DerivedClasses/NestBall/NestBall.h">
			<Option target="PokemonBattle"/>
		</Unit>
		<Unit filename="C:/Users/Miles Youngblood/OneDrive/Documents/GitHub/PokemonBattle/src/Classes/Item/DerivedClasses/Pokeball/DerivedClasses/NetBall/NetBall.cpp">
			<Option target="PokemonBattle"/>
		</Unit>
		<Unit filename="C:/Users/Miles Youngblood/OneDrive/Documents/GitHub/PokemonBattle/src/Classes/Item/DerivedClasses/Pokeball/DerivedClasses/NetBall/NetBall.h">
			<Option target="PokemonBattle"/>
		</Unit>
		<Unit filename="C:/Users/Miles Youngblood/OneDrive/Documents/GitHub/PokemonBattle/src/Classes/Item/DerivedClasses/Pokeball/DerivedClasses/PremierBall/PremierBall.cpp">
			<Option target="PokemonBattle"/>
		</Unit>
		<Unit filename="C:/Users/Miles Youngblood/OneDrive/Documents/GitHub/PokemonBattle/src/Classes/Item/DerivedClasses/Pokeball/DerivedClasses/PremierBall/PremierBall.h">
			<Option target="PokemonBattle"/>
		</Unit>
		<Unit filename="C:/Users/Miles Youngblood/OneDrive/Documents/GitHub/PokemonBattle/src/Classes/Item/DerivedClasses/Pokeball/DerivedClasses/QuickBall/QuickBall.cpp">
			<Option target="PokemonBattle"/>
		</Unit>
		<Unit filename="C:/Users/Miles Youngblood/OneDrive/Documents/GitHub/PokemonBattle/src/Classes/Item/DerivedClasses/Pokeball/DerivedClasses/QuickBall/QuickBall.h">
			<Option target="PokemonBattle"/>
		</Unit>
		<Unit filename="C:/Users/Miles Youngblood/OneDrive/Documents/GitHub/PokemonBattle/src/Classes/Item/DerivedClasses/Pokeball/DerivedClasses/TimerBall/TimerBall.cpp">
			<Option target="PokemonBattle"/>
		</Unit>
		<Unit filename="C:/Users/Miles Youngblood/OneDrive/Documents/GitHub/PokemonBattle/src/Classes/Item/DerivedClasses/Pokeball/DerivedClasses/TimerBall/TimerBall.h">
			<Option target="PokemonBattle"/>
		</Unit>
		<Unit filename="C:/Users/Miles Youngblood/OneDrive/Documents/GitHub/PokemonBattle/src/Classes/Item/DerivedClasses/Pokeball/DerivedClasses/UltraBall/UltraBall.cpp">
			<Option target="PokemonBattle"/>
		</Unit>
		<Unit filename="C:/Users/Miles Youngblood/OneDrive/Documents/GitHub/PokemonBattle/src/Classes/Item/DerivedClasses/Pokeball/DerivedClasses/UltraBall/UltraBall.h">
			<Option target="PokemonBattle"/>
		</Unit>
		<Unit filename="C:/Users/Miles Youngblood/OneDrive/Documents/GitHub/PokemonBattle/src/Classes/Item/DerivedClasses/Pokeball/Pokeball.cpp">
			<Option target="PokemonBattle"/>
		</Unit>
		<Unit filename="C:/Users/Miles Youngblood/OneDrive/Documents/GitHub/PokemonBattle/src/Classes/Item/DerivedClasses/Pokeball/Pokeball.h">
			<Option target="PokemonBattle"/>
		</Unit>
		<Unit filename="C:/Users/Miles Youngblood/OneDrive/Documents/GitHub/PokemonBattle/src/Classes/Item/DerivedClasses/RestoreItem/DerivedClasses/Ether/Ether.cpp">
			<Option target="PokemonBattle"/>
		</Unit>
		<Unit filename="C:/Users/Miles Youngblood/OneDrive/Documents/GitHub/PokemonBattle/src/Classes/Item/DerivedClasses/RestoreItem/DerivedClasses/Ether/Ether.h">
			<Option target="PokemonBattle"/>
		</Unit>
		<Unit filename="C:/Users/Miles Youngblood/OneDrive/Documents/GitHub/PokemonBattle/src/Classes/Item/DerivedClasses/RestoreItem/DerivedClasses/HyperPotion/HyperPotion.cpp">
			<Option target="PokemonBattle"/>
		</Unit>
		<Unit filename="C:/Users/Miles Youngblood/OneDrive/Documents/GitHub/PokemonBattle/src/Classes/Item/DerivedClasses/RestoreItem/DerivedClasses/HyperPotion/HyperPotion.h">
			<Option target="PokemonBattle"/>
		</Unit>
		<Unit filename="C:/Users/Miles Youngblood/OneDrive/Documents/GitHub/PokemonBattle/src/Classes/Item/DerivedClasses/RestoreItem/DerivedClasses/MaxEther/MaxEther.cpp">
			<Option target="PokemonBattle"/>
		</Unit>
		<Unit filename="C:/Users/Miles Youngblood/OneDrive/Documents/GitHub/PokemonBattle/src/Classes/Item/DerivedClasses/RestoreItem/DerivedClasses/MaxEther/MaxEther.h">
			<Option target="PokemonBattle"/>
		</Unit>
		<Unit filename="C:/Users/Miles Youngblood/OneDrive/Documents/GitHub/PokemonBattle/src/Classes/Item/DerivedClasses/RestoreItem/DerivedClasses/MaxPotion/MaxPotion.cpp">
			<Option target="PokemonBattle"/>
		</Unit>
		<Unit filename="C:/Users/Miles Youngblood/OneDrive/Documents/GitHub/PokemonBattle/src/Classes/Item/DerivedClasses/RestoreItem/DerivedClasses/MaxPotion/MaxPotion.h">
			<Option target="PokemonBattle"/>
		</Unit>
		<Unit filename="C:/Users/Miles Youngblood/OneDrive/Documents/GitHub/PokemonBattle/src/Classes/Item/DerivedClasses/RestoreItem/DerivedClasses/Potion/Potion.cpp">
			<Option target="PokemonBattle"/>
		</Unit>
		<Unit filename="C:/Users/Miles Youngblood/OneDrive/Documents/GitHub/PokemonBattle/src/Classes/Item/DerivedClasses/RestoreItem/DerivedClasses/Potion/Potion.h">
			<Option target="PokemonBattle"/>
		</Unit>
		<Unit filename="C:/Users/Miles Youngblood/OneDrive/Documents/GitHub/PokemonBattle/src/Classes/Item/DerivedClasses/RestoreItem/DerivedClasses/SuperPotion/SuperPotion.cpp">
			<Option target="PokemonBattle"/>
		</Unit>
		<Unit filename="C:/Users/Miles Youngblood/OneDrive/Documents/GitHub/PokemonBattle/src/Classes/Item/DerivedClasses/RestoreItem/DerivedClasses/SuperPotion/SuperPotion.h">
			<Option target="PokemonBattle"/>
		</Unit>
		<Unit filename="C:/Users/Miles Youngblood/OneDrive/Documents/GitHub/PokemonBattle/src/Classes/Item/DerivedClasses/RestoreItem/RestoreItem.cpp">
			<Option target="PokemonBattle"/>
		</Unit>
		<Unit filename="C:/Users/Miles Youngblood/OneDrive/Documents/GitHub/PokemonBattle/src/Classes/Item/DerivedClasses/RestoreItem/RestoreItem.h">
			<Option target="PokemonBattle"/>
		</Unit>
		<Unit filename="C:/Users/Miles Youngblood/OneDrive/Documents/GitHub/PokemonBattle/src/Classes/Item/DerivedClasses/StatusItem/DerivedClasses/Antidote/Antidote.cpp">
			<Option target="PokemonBattle"/>
		</Unit>
		<Unit filename="C:/Users/Miles Youngblood/OneDrive/Documents/GitHub/PokemonBattle/src/Classes/Item/DerivedClasses/StatusItem/DerivedClasses/Antidote/Antidote.h">
			<Option target="PokemonBattle"/>
		</Unit>
		<Unit filename="C:/Users/Miles Youngblood/OneDrive/Documents/GitHub/PokemonBattle/src/Classes/Item/DerivedClasses/StatusItem/DerivedClasses/Awakening/Awakening.cpp">
			<Option target="PokemonBattle"/>
		</Unit>
		<Unit filename="C:/Users/Miles Youngblood/OneDrive/Documents/GitHub/PokemonBattle/src/Classes/Item/DerivedClasses/StatusItem/DerivedClasses/Awakening/Awakening.h">
			<Option target="PokemonBattle"/>
		</Unit>
		<Unit filename="C:/Users/Miles Youngblood/OneDrive/Documents/GitHub/PokemonBattle/src/Classes/Item/DerivedClasses/StatusItem/DerivedClasses/BurnHeal/BurnHeal.cpp">
			<Option target="PokemonBattle"/>
		</Unit>
		<Unit filename="C:/Users/Miles Youngblood/OneDrive/Documents/GitHub/PokemonBattle/src/Classes/Item/DerivedClasses/StatusItem/DerivedClasses/BurnHeal/BurnHeal.h">
			<Option target="PokemonBattle"/>
		</Unit>
		<Unit filename="C:/Users/Miles Youngblood/OneDrive/Documents/GitHub/PokemonBattle/src/Classes/Item/DerivedClasses/StatusItem/DerivedClasses/IceHeal/IceHeal.cpp">
			<Option target="PokemonBattle"/>
		</Unit>
		<Unit filename="C:/Users/Miles Youngblood/OneDrive/Documents/GitHub/PokemonBattle/src/Classes/Item/DerivedClasses/StatusItem/DerivedClasses/IceHeal/IceHeal.h">
			<Option target="PokemonBattle"/>
		</Unit>
		<Unit filename="C:/Users/Miles Youngblood/OneDrive/Documents/GitHub/PokemonBattle/src/Classes/Item/DerivedClasses/StatusItem/DerivedClasses/ParalyzeHeal/ParalyzeHeal.cpp">
			<Option target="PokemonBattle"/>
		</Unit>
		<Unit filename="C:/Users/Miles Youngblood/OneDrive/Documents/GitHub/PokemonBattle/src/Classes/Item/DerivedClasses/StatusItem/DerivedClasses/ParalyzeHeal/ParalyzeHeal.h">
			<Option target="PokemonBattle"/>
		</Unit>
		<Unit filename="C:/Users/Miles Youngblood/OneDrive/Documents/GitHub/PokemonBattle/src/Classes/Item/DerivedClasses/StatusItem/StatusItem.cpp">
			<Option target="PokemonBattle"/>
		</Unit>
		<Unit filename="C:/Users/Miles Youngblood/OneDrive/Documents/GitHub/PokemonBattle/src/Classes/Item/DerivedClasses/StatusItem/StatusItem.h">
			<Option target="PokemonBattle"/>
		</Unit>
		<Unit filename="C:/Users/Miles Youngblood/OneDrive/Documents/GitHub/PokemonBattle/src/Classes/Item/Item.cpp">
			<Option target="PokemonBattle"/>
		</Unit>
		<Unit filename="C:/Users/Miles Youngblood/OneDrive/Documents/GitHub/PokemonBattle/src/Classes/Item/Item.h">
			<Option target="PokemonBattle"/>
		</Unit>
		<Unit filename="C:/Users/Miles Youngblood/OneDrive/Documents/GitHub/PokemonBattle/src/Classes/Item/ItemList.h">
			<Option target="PokemonBattle"/>
		</Unit>
		<Unit filename="C:/Users/Miles Youngblood/OneDrive/Documents/GitHub/PokemonBattle/src/Classes/Map/Map.cpp">
			<Option target="PokemonBattle"/>
		</Unit>
		<Unit filename="C:/Users/Miles Youngblood/OneDrive/Documents/GitHub/PokemonBattle/src/Classes/Map/Map.h">
			<Option target="PokemonBattle"/>
		</Unit>
		<Unit filename="C:/Users/Miles Youngblood/OneDrive/Documents/GitHub/PokemonBattle/src/Classes/Move/DerivedClasses/AirSlash/AirSlash.cpp">
			<Option target="PokemonBattle"/>
		</Unit>
		<Unit filename="C:/Users/Miles Youngblood/OneDrive/Documents/GitHub/PokemonBattle/src/Classes/Move/DerivedClasses/AirSlash/AirSlash.h">
			<Option target="PokemonBattle"/>
		</Unit>
		<Unit filename="C:/Users/Miles Youngblood/OneDrive/Documents/GitHub/PokemonBattle/src/Classes/Move/DerivedClasses/AuraSphere/AuraSphere.cpp">
			<Option target="PokemonBattle"/>
		</Unit>
		<Unit filename="C:/Users/Miles Youngblood/OneDrive/Documents/GitHub/PokemonBattle/src/Classes/Move/DerivedClasses/AuraSphere/AuraSphere.h">
			<Option target="PokemonBattle"/>
		</Unit>
		<Unit filename="C:/Users/Miles Youngblood/OneDrive/Documents/GitHub/PokemonBattle/src/Classes/Move/DerivedClasses/DarkPulse/DarkPulse.cpp">
			<Option target="PokemonBattle"/>
		</Unit>
		<Unit filename="C:/Users/Miles Youngblood/OneDrive/Documents/GitHub/PokemonBattle/src/Classes/Move/DerivedClasses/DarkPulse/DarkPulse.h">
			<Option target="PokemonBattle"/>
		</Unit>
		<Unit filename="C:/Users/Miles Youngblood/OneDrive/Documents/GitHub/PokemonBattle/src/Classes/Move/DerivedClasses/DragonPulse/DragonPulse.cpp">
			<Option target="PokemonBattle"/>
		</Unit>
		<Unit filename="C:/Users/Miles Youngblood/OneDrive/Documents/GitHub/PokemonBattle/src/Classes/Move/DerivedClasses/DragonPulse/DragonPulse.h">
			<Option target="PokemonBattle"/>
		</Unit>
		<Unit filename="C:/Users/Miles Youngblood/OneDrive/Documents/GitHub/PokemonBattle/src/Classes/Move/DerivedClasses/Extrasensory/Extrasensory.cpp">
			<Option target="PokemonBattle"/>
		</Unit>
		<Unit filename="C:/Users/Miles Youngblood/OneDrive/Documents/GitHub/PokemonBattle/src/Classes/Move/DerivedClasses/Extrasensory/Extrasensory.h">
			<Option target="PokemonBattle"/>
		</Unit>
		<Unit filename="C:/Users/Miles Youngblood/OneDrive/Documents/GitHub/PokemonBattle/src/Classes/Move/DerivedClasses/Flamethrower/Flamethrower.cpp">
			<Option target="PokemonBattle"/>
		</Unit>
		<Unit filename="C:/Users/Miles Youngblood/OneDrive/Documents/GitHub/PokemonBattle/src/Classes/Move/DerivedClasses/Flamethrower/Flamethrower.h">
			<Option target="PokemonBattle"/>
		</Unit>
		<Unit filename="C:/Users/Miles Youngblood/OneDrive/Documents/GitHub/PokemonBattle/src/Classes/Move/DerivedClasses/FlashCannon/FlashCannon.cpp">
			<Option target="PokemonBattle"/>
		</Unit>
		<Unit filename="C:/Users/Miles Youngblood/OneDrive/Documents/GitHub/PokemonBattle/src/Classes/Move/DerivedClasses/FlashCannon/FlashCannon.h">
			<Option target="PokemonBattle"/>
		</Unit>
		<Unit filename="C:/Users/Miles Youngblood/OneDrive/Documents/GitHub/PokemonBattle/src/Classes/Move/DerivedClasses/FocusBlast/FocusBlast.cpp">
			<Option target="PokemonBattle"/>
		</Unit>
		<Unit filename="C:/Users/Miles Youngblood/OneDrive/Documents/GitHub/PokemonBattle/src/Classes/Move/DerivedClasses/FocusBlast/FocusBlast.h">
			<Option target="PokemonBattle"/>
		</Unit>
		<Unit filename="C:/Users/Miles Youngblood/OneDrive/Documents/GitHub/PokemonBattle/src/Classes/Move/DerivedClasses/IceBeam/IceBeam.cpp">
			<Option target="PokemonBattle"/>
		</Unit>
		<Unit filename="C:/Users/Miles Youngblood/OneDrive/Documents/GitHub/PokemonBattle/src/Classes/Move/DerivedClasses/IceBeam/IceBeam.h">
			<Option target="PokemonBattle"/>
		</Unit>
		<Unit filename="C:/Users/Miles Youngblood/OneDrive/Documents/GitHub/PokemonBattle/src/Classes/Move/DerivedClasses/IronTail/IronTail.cpp">
			<Option target="PokemonBattle"/>
		</Unit>
		<Unit filename="C:/Users/Miles Youngblood/OneDrive/Documents/GitHub/PokemonBattle/src/Classes/Move/DerivedClasses/IronTail/IronTail.h">
			<Option target="PokemonBattle"/>
		</Unit>
		<Unit filename="C:/Users/Miles Youngblood/OneDrive/Documents/GitHub/PokemonBattle/src/Classes/Move/DerivedClasses/QuickAttack/QuickAttack.cpp">
			<Option target="PokemonBattle"/>
		</Unit>
		<Unit filename="C:/Users/Miles Youngblood/OneDrive/Documents/GitHub/PokemonBattle/src/Classes/Move/DerivedClasses/QuickAttack/QuickAttack.h">
			<Option target="PokemonBattle"/>
		</Unit>
		<Unit filename="C:/Users/Miles Youngblood/OneDrive/Documents/GitHub/PokemonBattle/src/Classes/Move/DerivedClasses/SolarBeam/SolarBeam.cpp">
			<Option target="PokemonBattle"/>
		</Unit>
		<Unit filename="C:/Users/Miles Youngblood/OneDrive/Documents/GitHub/PokemonBattle/src/Classes/Move/DerivedClasses/SolarBeam/SolarBeam.h">
			<Option target="PokemonBattle"/>
		</Unit>
		<Unit filename="C:/Users/Miles Youngblood/OneDrive/Documents/GitHub/PokemonBattle/src/Classes/Move/DerivedClasses/Thunder/Thunder.cpp">
			<Option target="PokemonBattle"/>
		</Unit>
		<Unit filename="C:/Users/Miles Youngblood/OneDrive/Documents/GitHub/PokemonBattle/src/Classes/Move/DerivedClasses/Thunder/Thunder.h">
			<Option target="PokemonBattle"/>
		</Unit>
		<Unit filename="C:/Users/Miles Youngblood/OneDrive/Documents/GitHub/PokemonBattle/src/Classes/Move/DerivedClasses/VoltTackle/VoltTackle.cpp">
			<Option target="PokemonBattle"/>
		</Unit>
		<Unit filename="C:/Users/Miles Youngblood/OneDrive/Documents/GitHub/PokemonBattle/src/Classes/Move/DerivedClasses/VoltTackle/VoltTackle.h">
			<Option target="PokemonBattle"/>
		</Unit>
		<Unit filename="C:/Users/Miles Youngblood/OneDrive/Documents/GitHub/PokemonBattle/src/Classes/Move/Move.cpp">
			<Option target="PokemonBattle"/>
		</Unit>
		<Unit filename="C:/Users/Miles Youngblood/OneDrive/Documents/GitHub/PokemonBattle/src/Classes/Move/Move.h">
			<Option target="PokemonBattle"/>
		</Unit>
		<Unit filename="C:/Users/Miles Youngblood/OneDrive/Documents/GitHub/PokemonBattle/src/Classes/Singleton/DerivedClasses/Battle/Battle.cpp">
			<Option target="PokemonBattle"/>
		</Unit>
		<Unit filename="C:/Users/Miles Youngblood/OneDrive/Documents/GitHub/PokemonBattle/src/Classes/Singleton/DerivedClasses/Battle/Battle.h">
			<Option target="PokemonBattle"/>
		</Unit>
		<Unit filename="C:/Users/Miles Youngblood/OneDrive/Documents/GitHub/PokemonBattle/src/Classes/Singleton/DerivedClasses/Camera/Camera.cpp">
			<Option target="PokemonBattle"/>
		</Unit>
		<Unit filename="C:/Users/Miles Youngblood/OneDrive/Documents/GitHub/PokemonBattle/src/Classes/Singleton/DerivedClasses/Camera/Camera.h">
			<Option target="PokemonBattle"/>
		</Unit>
		<Unit filename="C:/Users/Miles Youngblood/OneDrive/Documents/GitHub/PokemonBattle/src/Classes/Singleton/DerivedClasses/Game/BattleFunctions.cpp">
			<Option target="PokemonBattle"/>
		</Unit>
		<Unit filename="C:/Users/Miles Youngblood/OneDrive/Documents/GitHub/PokemonBattle/src/Classes/Singleton/DerivedClasses/Game/Game.cpp">
			<Option target="PokemonBattle"/>
		</Unit>
		<Unit filename="C:/Users/Miles Youngblood/OneDrive/Documents/GitHub/PokemonBattle/src/Classes/Singleton/DerivedClasses/Game/Game.h">
			<Option target="PokemonBattle"/>
		</Unit>
		<Unit filename="C:/Users/Miles Youngblood/OneDrive/Documents/GitHub/PokemonBattle/src/Classes/Singleton/DerivedClasses/Game/OverworldFunctions.cpp">
			<Option target="PokemonBattle"/>
		</Unit>
		<Unit filename="C:/Users/Miles Youngblood/OneDrive/Documents/GitHub/PokemonBattle/src/Classes/Singleton/DerivedClasses/Game/TitleScreenFunctions.cpp">
			<Option target="PokemonBattle"/>
		</Unit>
		<Unit filename="C:/Users/Miles Youngblood/OneDrive/Documents/GitHub/PokemonBattle/src/Classes/Singleton/DerivedClasses/GraphicsEngine/GraphicsEngine.cpp">
			<Option target="PokemonBattle"/>
		</Unit>
		<Unit filename="C:/Users/Miles Youngblood/OneDrive/Documents/GitHub/PokemonBattle/src/Classes/Singleton/DerivedClasses/GraphicsEngine/GraphicsEngine.h">
			<Option target="PokemonBattle"/>
		</Unit>
		<Unit filename="C:/Users/Miles Youngblood/OneDrive/Documents/GitHub/PokemonBattle/src/Classes/Singleton/DerivedClasses/KeyManager/KeyManager.cpp">
			<Option target="PokemonBattle"/>
		</Unit>
		<Unit filename="C:/Users/Miles Youngblood/OneDrive/Documents/GitHub/PokemonBattle/src/Classes/Singleton/DerivedClasses/KeyManager/KeyManager.h">
			<Option target="PokemonBattle"/>
		</Unit>
		<Unit filename="C:/Users/Miles Youngblood/OneDrive/Documents/GitHub/PokemonBattle/src/Classes/Singleton/DerivedClasses/SoundPlayer/SoundPlayer.cpp">
			<Option target="PokemonBattle"/>
		</Unit>
		<Unit filename="C:/Users/Miles Youngblood/OneDrive/Documents/GitHub/PokemonBattle/src/Classes/Singleton/DerivedClasses/SoundPlayer/SoundPlayer.h">
			<Option target="PokemonBattle"/>
		</Unit>
		<Unit filename="C:/Users/Miles Youngblood/OneDrive/Documents/GitHub/PokemonBattle/src/Classes/Singleton/DerivedClasses/TextureManager/TextureManager.cpp">
			<Option target="PokemonBattle"/>
		</Unit>
		<Unit filename="C:/Users/Miles Youngblood/OneDrive/Documents/GitHub/PokemonBattle/src/Classes/Singleton/DerivedClasses/TextureManager/TextureManager.h">
			<Option target="PokemonBattle"/>
		</Unit>
		<Unit filename="C:/Users/Miles Youngblood/OneDrive/Documents/GitHub/PokemonBattle/src/Classes/Singleton/Singleton.h">
			<Option target="PokemonBattle"/>
		</Unit>
		<Unit filename="C:/Users/Miles Youngblood/OneDrive/Documents/GitHub/PokemonBattle/src/Classes/Stopwatch/Stopwatch.h">
			<Option target="PokemonBattle"/>
		</Unit>
		<Unit filename="C:/Users/Miles Youngblood/OneDrive/Documents/GitHub/PokemonBattle/src/Functions/GeneralFunctions.h">
			<Option target="PokemonBattle"/>
		</Unit>
		<Unit filename="C:/Users/Miles Youngblood/OneDrive/Documents/GitHub/PokemonBattle/src/Functions/ItemFunctions.h">
			<Option target="PokemonBattle"/>
		</Unit>
		<Unit filename="C:/Users/Miles Youngblood/OneDrive/Documents/GitHub/PokemonBattle/src/constants.cpp">
			<Option target="PokemonBattle"/>
		</Unit>
		<Unit filename="C:/Users/Miles Youngblood/OneDrive/Documents/GitHub/PokemonBattle/src/constants.h">
			<Option target="PokemonBattle"/>
		</Unit>
		<Unit filename="C:/Users/Miles Youngblood/OneDrive/Documents/GitHub/PokemonBattle/src/main.cpp">
			<Option target="PokemonBattle"/>
		</Unit>
		<Unit filename="C:/Users/Miles Youngblood/OneDrive/Documents/GitHub/PokemonBattle/src/pch.h">
			<Option target="PokemonBattle"/>
		</Unit>
		<Unit filename="C:/Users/Miles Youngblood/OneDrive/Documents/GitHub/PokemonBattle/CMakeLists.txt">
			<Option virtualFolder="CMake Files\"/>
		</Unit>
	</Project>
</CodeBlocks_project_file>
